{
  "originHash" : "d77223ea3cadaebd2154378ec5005b6ebefcef3b34a4dafa368b0c4f16c0561c",
  "pins" : [
    {
      "identity" : "grdb.swift",
      "kind" : "remoteSourceControl",
      "location" : "https://github.com/groue/GRDB.swift",
      "state" : {
        "branch" : "master",
        "revision" : "3ecb5c54553559217592d21a6d9841becb891b38"
      }
    }
  ],
  "version" : 3
}
